
Microsoft Visual Studio Solution File, Format Version 12.00
# Visual Studio Version 17
VisualStudioVersion = 17.0.32014.148
MinimumVisualStudioVersion = 10.0.40219.1
Project("{2150E333-8FDC-42A3-9474-1A3956D46DE8}") = "GH3+", "GH3+", "{F3FC9BC7-6E8D-4520-8A7D-DDDC391453EE}"
EndProject
Project("{8BC9CEB8-8B4A-11D0-8D11-00A0C91BC942}") = "core", "GH3Plus\src\core\GH3PlusCore.vcxproj", "{3ECB28CB-CDCA-4193-B4BF-1F7EC67C9E03}"
EndProject
Project("{2150E333-8FDC-42A3-9474-1A3956D46DE8}") = "Plugins", "Plugins", "{E44AC199-1849-4F8C-BD1F-56D331D966C9}"
EndProject
Project("{8BC9CEB8-8B4A-11D0-8D11-00A0C91BC942}") = "AlwaysDoubleNotes", "GH3Plus\src\plugins\alwaysDoubleNotes\AlwaysDoubleNotes.vcxproj", "{5F7C4B1C-C85B-46E9-8171-D6B2FAE90A14}"
EndProject
Project("{8BC9CEB8-8B4A-11D0-8D11-00A0C91BC942}") = "ForceStrumNotes", "GH3Plus\src\plugins\forceStrumNotes\ForceStrumNotes.vcxproj", "{6CF035F3-C8E4-40AD-A992-D07C31BA79FC}"
EndProject
Project("{8BC9CEB8-8B4A-11D0-8D11-00A0C91BC942}") = "ForceTapNotes", "GH3Plus\src\plugins\forceTapNotes\ForceTapNotes.vcxproj", "{32615C85-50B5-48DB-B611-C8046783FB9B}"
EndProject
Project("{8BC9CEB8-8B4A-11D0-8D11-00A0C91BC942}") = "GemShuffle", "GH3Plus\src\plugins\gemShuffle\GemShuffle.vcxproj", "{4D606C3E-242C-4413-87C5-155D35824206}"
EndProject
Project("{8BC9CEB8-8B4A-11D0-8D11-00A0C91BC942}") = "KeyHijacker", "GH3Plus\src\plugins\keyHijacker\KeyHijacker.vcxproj", "{252C9FE0-3AF1-42D4-BA15-CBC4C26176A8}"
EndProject
Project("{8BC9CEB8-8B4A-11D0-8D11-00A0C91BC942}") = "MirrorMode", "GH3Plus\src\plugins\mirrorMode\MirrorMode.vcxproj", "{E32B6D2D-E3D7-4B20-BDA6-953EECC50247}"
EndProject
Project("{8BC9CEB8-8B4A-11D0-8D11-00A0C91BC942}") = "NoteLimitFix", "GH3Plus\src\plugins\noteLimit\NoteLimitFix.vcxproj", "{AD3A956F-41C3-4493-9C88-8A000167BE8D}"
EndProject
Project("{8BC9CEB8-8B4A-11D0-8D11-00A0C91BC942}") = "SongLimitFix", "GH3Plus\src\plugins\songLimit\SongLimitFix.vcxproj", "{9A18518C-38BF-48CA-88F8-206DEAE220FD}"
EndProject
Project("{8BC9CEB8-8B4A-11D0-8D11-00A0C91BC942}") = "TapHopoChord", "GH3Plus\src\plugins\tapHopoChord\TapHopoChord.vcxproj", "{ECC8A22B-8DA2-4D50-9679-0DA29AC7D4FF}"
EndProject
Project("{8BC9CEB8-8B4A-11D0-8D11-00A0C91BC942}") = "TextureHelper", "GH3Plus\src\plugins\textureHelper\TextureHelper.vcxproj", "{7033409A-E1C1-4759-A519-F508EBFF1114}"
EndProject
Project("{8BC9CEB8-8B4A-11D0-8D11-00A0C91BC942}") = "TiltFix", "GH3Plus\src\plugins\tiltFix\TiltFix.vcxproj", "{8F562B97-5D1F-4E3C-9447-E01604AF9662}"
EndProject
Project("{8BC9CEB8-8B4A-11D0-8D11-00A0C91BC942}") = "WhammyFix", "GH3Plus\src\plugins\whammyFix\WhammyFix.vcxproj", "{3F3D0ABE-56CE-47CE-AFC4-D069E0CDE09A}"
EndProject
Project("{8BC9CEB8-8B4A-11D0-8D11-00A0C91BC942}") = "FastGH3", "GH3Plus\src\plugins\FastGH3\FastGH3.vcxproj", "{90B360C3-5D52-4906-8E92-19846F36DB23}"
EndProject
Project("{FAE04EC0-301F-11D3-BF4B-00C04F79EFBC}") = "FastGH3", "FastGH3\FastGH3.csproj", "{123C0E48-6F74-4CDC-8F5A-42E516B505EE}"
EndProject
Project("{8BC9CEB8-8B4A-11D0-8D11-00A0C91BC942}") = "Logger", "GH3Plus\src\plugins\Logger\Logger.vcxproj", "{DCC91457-E7AF-4750-BA62-23F1B6177C57}"
EndProject
Project("{8BC9CEB8-8B4A-11D0-8D11-00A0C91BC942}") = "Spooky", "GH3Plus\src\plugins\spooky\Spooky.vcxproj", "{6176FF08-5AA8-41B5-836A-7F8E647B91E0}"
EndProject
Project("{8BC9CEB8-8B4A-11D0-8D11-00A0C91BC942}") = "GemLimitFix", "GH3Plus\src\plugins\gemLimitFix\gemLimitFix.vcxproj", "{FC2FD39A-C98B-49E8-92A9-0B5BD7842C12}"
EndProject
Project("{8BC9CEB8-8B4A-11D0-8D11-00A0C91BC942}") = "HelgaBot", "GH3Plus\src\plugins\helgaBot\helgaBot.vcxproj", "{D80E2278-1EE1-4DAD-9DFA-E96646DD39AC}"
EndProject
Project("{8BC9CEB8-8B4A-11D0-8D11-00A0C91BC942}") = "RichPresence", "GH3Plus\src\plugins\RichPresence\RichPresence.vcxproj", "{0A7C51A9-DEDF-4429-BC5F-ABA601A47E51}"
EndProject
Project("{8BC9CEB8-8B4A-11D0-8D11-00A0C91BC942}") = "modifiers", "GH3Plus\src\plugins\modifiers\modifiers.vcxproj", "{BE539091-ED1F-49AB-BA31-A73652947613}"
EndProject
Project("{8BC9CEB8-8B4A-11D0-8D11-00A0C91BC942}") = "Screenshot", "GH3Plus\src\plugins\Screenshot\Screenshot.vcxproj", "{CEF22325-C7F5-4C84-B681-6FD2C9899E64}"
EndProject
Project("{8BC9CEB8-8B4A-11D0-8D11-00A0C91BC942}") = "QDB", "GH3Plus\src\plugins\QDB\QDBhook.vcxproj", "{86679E63-7025-4C3C-8DB7-072AEC1AAEDD}"
EndProject
Global
	GlobalSection(SolutionConfigurationPlatforms) = preSolution
		Release|Any CPU = Release|Any CPU
		Release|x64 = Release|x64
		Release|x86 = Release|x86
	EndGlobalSection
	GlobalSection(ProjectConfigurationPlatforms) = postSolution
		{3ECB28CB-CDCA-4193-B4BF-1F7EC67C9E03}.Release|Any CPU.ActiveCfg = Release|Win32
		{3ECB28CB-CDCA-4193-B4BF-1F7EC67C9E03}.Release|Any CPU.Build.0 = Release|Win32
		{3ECB28CB-CDCA-4193-B4BF-1F7EC67C9E03}.Release|x64.ActiveCfg = Release|Win32
		{3ECB28CB-CDCA-4193-B4BF-1F7EC67C9E03}.Release|x86.ActiveCfg = Release|Win32
		{3ECB28CB-CDCA-4193-B4BF-1F7EC67C9E03}.Release|x86.Build.0 = Release|Win32
		{5F7C4B1C-C85B-46E9-8171-D6B2FAE90A14}.Release|Any CPU.ActiveCfg = Release|Win32
		{5F7C4B1C-C85B-46E9-8171-D6B2FAE90A14}.Release|Any CPU.Build.0 = Release|Win32
		{5F7C4B1C-C85B-46E9-8171-D6B2FAE90A14}.Release|x64.ActiveCfg = Release|Win32
		{5F7C4B1C-C85B-46E9-8171-D6B2FAE90A14}.Release|x86.ActiveCfg = Release|Win32
		{5F7C4B1C-C85B-46E9-8171-D6B2FAE90A14}.Release|x86.Build.0 = Release|Win32
		{6CF035F3-C8E4-40AD-A992-D07C31BA79FC}.Release|Any CPU.ActiveCfg = Release|Win32
		{6CF035F3-C8E4-40AD-A992-D07C31BA79FC}.Release|Any CPU.Build.0 = Release|Win32
		{6CF035F3-C8E4-40AD-A992-D07C31BA79FC}.Release|x64.ActiveCfg = Release|Win32
		{6CF035F3-C8E4-40AD-A992-D07C31BA79FC}.Release|x86.ActiveCfg = Release|Win32
		{6CF035F3-C8E4-40AD-A992-D07C31BA79FC}.Release|x86.Build.0 = Release|Win32
		{32615C85-50B5-48DB-B611-C8046783FB9B}.Release|Any CPU.ActiveCfg = Release|Win32
		{32615C85-50B5-48DB-B611-C8046783FB9B}.Release|Any CPU.Build.0 = Release|Win32
		{32615C85-50B5-48DB-B611-C8046783FB9B}.Release|x64.ActiveCfg = Release|Win32
		{32615C85-50B5-48DB-B611-C8046783FB9B}.Release|x86.ActiveCfg = Release|Win32
		{32615C85-50B5-48DB-B611-C8046783FB9B}.Release|x86.Build.0 = Release|Win32
		{4D606C3E-242C-4413-87C5-155D35824206}.Release|Any CPU.ActiveCfg = Release|Win32
		{4D606C3E-242C-4413-87C5-155D35824206}.Release|Any CPU.Build.0 = Release|Win32
		{4D606C3E-242C-4413-87C5-155D35824206}.Release|x64.ActiveCfg = Release|Win32
		{4D606C3E-242C-4413-87C5-155D35824206}.Release|x86.ActiveCfg = Release|Win32
		{4D606C3E-242C-4413-87C5-155D35824206}.Release|x86.Build.0 = Release|Win32
		{252C9FE0-3AF1-42D4-BA15-CBC4C26176A8}.Release|Any CPU.ActiveCfg = Release|Win32
		{252C9FE0-3AF1-42D4-BA15-CBC4C26176A8}.Release|x64.ActiveCfg = Release|Win32
		{252C9FE0-3AF1-42D4-BA15-CBC4C26176A8}.Release|x86.ActiveCfg = Release|Win32
		{252C9FE0-3AF1-42D4-BA15-CBC4C26176A8}.Release|x86.Build.0 = Release|Win32
		{E32B6D2D-E3D7-4B20-BDA6-953EECC50247}.Release|Any CPU.ActiveCfg = Release|Win32
		{E32B6D2D-E3D7-4B20-BDA6-953EECC50247}.Release|Any CPU.Build.0 = Release|Win32
		{E32B6D2D-E3D7-4B20-BDA6-953EECC50247}.Release|x64.ActiveCfg = Release|Win32
		{E32B6D2D-E3D7-4B20-BDA6-953EECC50247}.Release|x86.ActiveCfg = Release|Win32
		{E32B6D2D-E3D7-4B20-BDA6-953EECC50247}.Release|x86.Build.0 = Release|Win32
		{AD3A956F-41C3-4493-9C88-8A000167BE8D}.Release|Any CPU.ActiveCfg = Release|Win32
		{AD3A956F-41C3-4493-9C88-8A000167BE8D}.Release|Any CPU.Build.0 = Release|Win32
		{AD3A956F-41C3-4493-9C88-8A000167BE8D}.Release|x64.ActiveCfg = Release|Win32
		{AD3A956F-41C3-4493-9C88-8A000167BE8D}.Release|x86.ActiveCfg = Release|Win32
		{AD3A956F-41C3-4493-9C88-8A000167BE8D}.Release|x86.Build.0 = Release|Win32
		{9A18518C-38BF-48CA-88F8-206DEAE220FD}.Release|Any CPU.ActiveCfg = Release|Win32
		{9A18518C-38BF-48CA-88F8-206DEAE220FD}.Release|Any CPU.Build.0 = Release|Win32
		{9A18518C-38BF-48CA-88F8-206DEAE220FD}.Release|x64.ActiveCfg = Release|Win32
		{9A18518C-38BF-48CA-88F8-206DEAE220FD}.Release|x86.ActiveCfg = Release|Win32
		{9A18518C-38BF-48CA-88F8-206DEAE220FD}.Release|x86.Build.0 = Release|Win32
		{ECC8A22B-8DA2-4D50-9679-0DA29AC7D4FF}.Release|Any CPU.ActiveCfg = Release|Win32
		{ECC8A22B-8DA2-4D50-9679-0DA29AC7D4FF}.Release|Any CPU.Build.0 = Release|Win32
		{ECC8A22B-8DA2-4D50-9679-0DA29AC7D4FF}.Release|x64.ActiveCfg = Release|Win32
		{ECC8A22B-8DA2-4D50-9679-0DA29AC7D4FF}.Release|x86.ActiveCfg = Release|Win32
		{ECC8A22B-8DA2-4D50-9679-0DA29AC7D4FF}.Release|x86.Build.0 = Release|Win32
		{7033409A-E1C1-4759-A519-F508EBFF1114}.Release|Any CPU.ActiveCfg = Release|Win32
		{7033409A-E1C1-4759-A519-F508EBFF1114}.Release|Any CPU.Build.0 = Release|Win32
		{7033409A-E1C1-4759-A519-F508EBFF1114}.Release|x64.ActiveCfg = Release|Win32
		{7033409A-E1C1-4759-A519-F508EBFF1114}.Release|x86.ActiveCfg = Release|Win32
		{7033409A-E1C1-4759-A519-F508EBFF1114}.Release|x86.Build.0 = Release|Win32
		{8F562B97-5D1F-4E3C-9447-E01604AF9662}.Release|Any CPU.ActiveCfg = Release|Win32
		{8F562B97-5D1F-4E3C-9447-E01604AF9662}.Release|Any CPU.Build.0 = Release|Win32
		{8F562B97-5D1F-4E3C-9447-E01604AF9662}.Release|x64.ActiveCfg = Release|Win32
		{8F562B97-5D1F-4E3C-9447-E01604AF9662}.Release|x86.ActiveCfg = Release|Win32
		{8F562B97-5D1F-4E3C-9447-E01604AF9662}.Release|x86.Build.0 = Release|Win32
		{3F3D0ABE-56CE-47CE-AFC4-D069E0CDE09A}.Release|Any CPU.ActiveCfg = Release|Win32
		{3F3D0ABE-56CE-47CE-AFC4-D069E0CDE09A}.Release|Any CPU.Build.0 = Release|Win32
		{3F3D0ABE-56CE-47CE-AFC4-D069E0CDE09A}.Release|x64.ActiveCfg = Release|Win32
		{3F3D0ABE-56CE-47CE-AFC4-D069E0CDE09A}.Release|x86.ActiveCfg = Release|Win32
		{3F3D0ABE-56CE-47CE-AFC4-D069E0CDE09A}.Release|x86.Build.0 = Release|Win32
		{90B360C3-5D52-4906-8E92-19846F36DB23}.Release|Any CPU.ActiveCfg = Release|Win32
		{90B360C3-5D52-4906-8E92-19846F36DB23}.Release|Any CPU.Build.0 = Release|Win32
		{90B360C3-5D52-4906-8E92-19846F36DB23}.Release|x64.ActiveCfg = Release|Win32
		{90B360C3-5D52-4906-8E92-19846F36DB23}.Release|x86.ActiveCfg = Release|Win32
		{90B360C3-5D52-4906-8E92-19846F36DB23}.Release|x86.Build.0 = Release|Win32
		{123C0E48-6F74-4CDC-8F5A-42E516B505EE}.Release|Any CPU.ActiveCfg = Release|Any CPU
		{123C0E48-6F74-4CDC-8F5A-42E516B505EE}.Release|Any CPU.Build.0 = Release|Any CPU
		{123C0E48-6F74-4CDC-8F5A-42E516B505EE}.Release|x64.ActiveCfg = Release|Any CPU
		{123C0E48-6F74-4CDC-8F5A-42E516B505EE}.Release|x64.Build.0 = Release|Any CPU
		{123C0E48-6F74-4CDC-8F5A-42E516B505EE}.Release|x86.ActiveCfg = Release|Any CPU
		{123C0E48-6F74-4CDC-8F5A-42E516B505EE}.Release|x86.Build.0 = Release|Any CPU
		{DCC91457-E7AF-4750-BA62-23F1B6177C57}.Release|Any CPU.ActiveCfg = Release|Win32
		{DCC91457-E7AF-4750-BA62-23F1B6177C57}.Release|Any CPU.Build.0 = Release|Win32
		{DCC91457-E7AF-4750-BA62-23F1B6177C57}.Release|x64.ActiveCfg = Release|Win32
		{DCC91457-E7AF-4750-BA62-23F1B6177C57}.Release|x86.ActiveCfg = Release|Win32
		{DCC91457-E7AF-4750-BA62-23F1B6177C57}.Release|x86.Build.0 = Release|Win32
		{6176FF08-5AA8-41B5-836A-7F8E647B91E0}.Release|Any CPU.ActiveCfg = Release|Win32
		{6176FF08-5AA8-41B5-836A-7F8E647B91E0}.Release|x64.ActiveCfg = Release|Win32
		{6176FF08-5AA8-41B5-836A-7F8E647B91E0}.Release|x86.ActiveCfg = Release|Win32
		{6176FF08-5AA8-41B5-836A-7F8E647B91E0}.Release|x86.Build.0 = Release|Win32
		{FC2FD39A-C98B-49E8-92A9-0B5BD7842C12}.Release|Any CPU.ActiveCfg = Release|Win32
		{FC2FD39A-C98B-49E8-92A9-0B5BD7842C12}.Release|x64.ActiveCfg = Release|x64
		{FC2FD39A-C98B-49E8-92A9-0B5BD7842C12}.Release|x64.Build.0 = Release|x64
		{FC2FD39A-C98B-49E8-92A9-0B5BD7842C12}.Release|x86.ActiveCfg = Release|Win32
		{FC2FD39A-C98B-49E8-92A9-0B5BD7842C12}.Release|x86.Build.0 = Release|Win32
		{D80E2278-1EE1-4DAD-9DFA-E96646DD39AC}.Release|Any CPU.ActiveCfg = Release|Win32
		{D80E2278-1EE1-4DAD-9DFA-E96646DD39AC}.Release|x64.ActiveCfg = Release|x64
		{D80E2278-1EE1-4DAD-9DFA-E96646DD39AC}.Release|x64.Build.0 = Release|x64
		{D80E2278-1EE1-4DAD-9DFA-E96646DD39AC}.Release|x86.ActiveCfg = Release|Win32
		{D80E2278-1EE1-4DAD-9DFA-E96646DD39AC}.Release|x86.Build.0 = Release|Win32
		{0A7C51A9-DEDF-4429-BC5F-ABA601A47E51}.Release|Any CPU.ActiveCfg = Release|Win32
		{0A7C51A9-DEDF-4429-BC5F-ABA601A47E51}.Release|Any CPU.Build.0 = Release|Win32
		{0A7C51A9-DEDF-4429-BC5F-ABA601A47E51}.Release|x64.ActiveCfg = Release|Win32
		{0A7C51A9-DEDF-4429-BC5F-ABA601A47E51}.Release|x86.ActiveCfg = Release|Win32
		{0A7C51A9-DEDF-4429-BC5F-ABA601A47E51}.Release|x86.Build.0 = Release|Win32
		{BE539091-ED1F-49AB-BA31-A73652947613}.Release|Any CPU.ActiveCfg = Release|Win32
		{BE539091-ED1F-49AB-BA31-A73652947613}.Release|Any CPU.Build.0 = Release|Win32
		{BE539091-ED1F-49AB-BA31-A73652947613}.Release|x64.ActiveCfg = Release|Win32
		{BE539091-ED1F-49AB-BA31-A73652947613}.Release|x64.Build.0 = Release|Win32
		{BE539091-ED1F-49AB-BA31-A73652947613}.Release|x86.ActiveCfg = Release|Win32
		{BE539091-ED1F-49AB-BA31-A73652947613}.Release|x86.Build.0 = Release|Win32
		{D97A2000-04C1-4EE5-A9C3-F68009A8796F}.Debug|Any CPU.ActiveCfg = Debug|Any CPU
		{D97A2000-04C1-4EE5-A9C3-F68009A8796F}.Debug|Any CPU.Build.0 = Debug|Any CPU
		{D97A2000-04C1-4EE5-A9C3-F68009A8796F}.Debug|x64.ActiveCfg = Debug|Any CPU
		{D97A2000-04C1-4EE5-A9C3-F68009A8796F}.Debug|x64.Build.0 = Debug|Any CPU
		{D97A2000-04C1-4EE5-A9C3-F68009A8796F}.Debug|x86.ActiveCfg = Debug|Any CPU
		{D97A2000-04C1-4EE5-A9C3-F68009A8796F}.Debug|x86.Build.0 = Debug|Any CPU
		{D97A2000-04C1-4EE5-A9C3-F68009A8796F}.Release|Any CPU.ActiveCfg = Release|Any CPU
		{D97A2000-04C1-4EE5-A9C3-F68009A8796F}.Release|Any CPU.Build.0 = Release|Any CPU
		{D97A2000-04C1-4EE5-A9C3-F68009A8796F}.Release|x64.ActiveCfg = Release|Any CPU
		{D97A2000-04C1-4EE5-A9C3-F68009A8796F}.Release|x64.Build.0 = Release|Any CPU
		{D97A2000-04C1-4EE5-A9C3-F68009A8796F}.Release|x86.ActiveCfg = Release|Any CPU
		{D97A2000-04C1-4EE5-A9C3-F68009A8796F}.Release|x86.Build.0 = Release|Any CPU
		{CEF22325-C7F5-4C84-B681-6FD2C9899E64}.Debug|Any CPU.ActiveCfg = Debug|Win32
		{CEF22325-C7F5-4C84-B681-6FD2C9899E64}.Debug|Any CPU.Build.0 = Debug|Win32
		{CEF22325-C7F5-4C84-B681-6FD2C9899E64}.Debug|x64.ActiveCfg = Debug|Win32
		{CEF22325-C7F5-4C84-B681-6FD2C9899E64}.Debug|x64.Build.0 = Debug|Win32
		{CEF22325-C7F5-4C84-B681-6FD2C9899E64}.Debug|x86.ActiveCfg = Debug|Win32
		{CEF22325-C7F5-4C84-B681-6FD2C9899E64}.Debug|x86.Build.0 = Debug|Win32
		{CEF22325-C7F5-4C84-B681-6FD2C9899E64}.Release|Any CPU.ActiveCfg = Release|Win32
		{CEF22325-C7F5-4C84-B681-6FD2C9899E64}.Release|Any CPU.Build.0 = Release|Win32
		{CEF22325-C7F5-4C84-B681-6FD2C9899E64}.Release|x64.ActiveCfg = Release|Win32
		{CEF22325-C7F5-4C84-B681-6FD2C9899E64}.Release|x64.Build.0 = Release|Win32
		{CEF22325-C7F5-4C84-B681-6FD2C9899E64}.Release|x86.ActiveCfg = Release|Win32
		{CEF22325-C7F5-4C84-B681-6FD2C9899E64}.Release|x86.Build.0 = Release|Win32
		{86679E63-7025-4C3C-8DB7-072AEC1AAEDD}.Debug|Any CPU.ActiveCfg = Debug|Win32
		{86679E63-7025-4C3C-8DB7-072AEC1AAEDD}.Debug|Any CPU.Build.0 = Debug|Win32
		{86679E63-7025-4C3C-8DB7-072AEC1AAEDD}.Debug|x64.ActiveCfg = Debug|Win32
		{86679E63-7025-4C3C-8DB7-072AEC1AAEDD}.Debug|x64.Build.0 = Debug|Win32
		{86679E63-7025-4C3C-8DB7-072AEC1AAEDD}.Debug|x86.ActiveCfg = Debug|Win32
		{86679E63-7025-4C3C-8DB7-072AEC1AAEDD}.Debug|x86.Build.0 = Debug|Win32
		{86679E63-7025-4C3C-8DB7-072AEC1AAEDD}.Release|Any CPU.ActiveCfg = Release|Win32
		{86679E63-7025-4C3C-8DB7-072AEC1AAEDD}.Release|Any CPU.Build.0 = Release|Win32
		{86679E63-7025-4C3C-8DB7-072AEC1AAEDD}.Release|x64.ActiveCfg = Release|Win32
		{86679E63-7025-4C3C-8DB7-072AEC1AAEDD}.Release|x64.Build.0 = Release|Win32
		{86679E63-7025-4C3C-8DB7-072AEC1AAEDD}.Release|x86.ActiveCfg = Release|Win32
		{86679E63-7025-4C3C-8DB7-072AEC1AAEDD}.Release|x86.Build.0 = Release|Win32
	EndGlobalSection
	GlobalSection(SolutionProperties) = preSolution
		HideSolutionNode = FALSE
	EndGlobalSection
	GlobalSection(NestedProjects) = preSolution
		{3ECB28CB-CDCA-4193-B4BF-1F7EC67C9E03} = {F3FC9BC7-6E8D-4520-8A7D-DDDC391453EE}
		{E44AC199-1849-4F8C-BD1F-56D331D966C9} = {F3FC9BC7-6E8D-4520-8A7D-DDDC391453EE}
		{5F7C4B1C-C85B-46E9-8171-D6B2FAE90A14} = {E44AC199-1849-4F8C-BD1F-56D331D966C9}
		{6CF035F3-C8E4-40AD-A992-D07C31BA79FC} = {E44AC199-1849-4F8C-BD1F-56D331D966C9}
		{32615C85-50B5-48DB-B611-C8046783FB9B} = {E44AC199-1849-4F8C-BD1F-56D331D966C9}
		{4D606C3E-242C-4413-87C5-155D35824206} = {E44AC199-1849-4F8C-BD1F-56D331D966C9}
		{252C9FE0-3AF1-42D4-BA15-CBC4C26176A8} = {E44AC199-1849-4F8C-BD1F-56D331D966C9}
		{E32B6D2D-E3D7-4B20-BDA6-953EECC50247} = {E44AC199-1849-4F8C-BD1F-56D331D966C9}
		{AD3A956F-41C3-4493-9C88-8A000167BE8D} = {E44AC199-1849-4F8C-BD1F-56D331D966C9}
		{9A18518C-38BF-48CA-88F8-206DEAE220FD} = {E44AC199-1849-4F8C-BD1F-56D331D966C9}
		{ECC8A22B-8DA2-4D50-9679-0DA29AC7D4FF} = {E44AC199-1849-4F8C-BD1F-56D331D966C9}
		{7033409A-E1C1-4759-A519-F508EBFF1114} = {E44AC199-1849-4F8C-BD1F-56D331D966C9}
		{8F562B97-5D1F-4E3C-9447-E01604AF9662} = {E44AC199-1849-4F8C-BD1F-56D331D966C9}
		{3F3D0ABE-56CE-47CE-AFC4-D069E0CDE09A} = {E44AC199-1849-4F8C-BD1F-56D331D966C9}
		{90B360C3-5D52-4906-8E92-19846F36DB23} = {E44AC199-1849-4F8C-BD1F-56D331D966C9}
		{DCC91457-E7AF-4750-BA62-23F1B6177C57} = {E44AC199-1849-4F8C-BD1F-56D331D966C9}
		{6176FF08-5AA8-41B5-836A-7F8E647B91E0} = {E44AC199-1849-4F8C-BD1F-56D331D966C9}
		{FC2FD39A-C98B-49E8-92A9-0B5BD7842C12} = {E44AC199-1849-4F8C-BD1F-56D331D966C9}
		{D80E2278-1EE1-4DAD-9DFA-E96646DD39AC} = {E44AC199-1849-4F8C-BD1F-56D331D966C9}
		{0A7C51A9-DEDF-4429-BC5F-ABA601A47E51} = {E44AC199-1849-4F8C-BD1F-56D331D966C9}
		{BE539091-ED1F-49AB-BA31-A73652947613} = {E44AC199-1849-4F8C-BD1F-56D331D966C9}
		{CEF22325-C7F5-4C84-B681-6FD2C9899E64} = {E44AC199-1849-4F8C-BD1F-56D331D966C9}
		{86679E63-7025-4C3C-8DB7-072AEC1AAEDD} = {F3FC9BC7-6E8D-4520-8A7D-DDDC391453EE}
	EndGlobalSection
	GlobalSection(ExtensibilityGlobals) = postSolution
		SolutionGuid = {4F626D18-605C-460B-9D2C-4AE45CE11016}
	EndGlobalSection
EndGlobal
