
Microsoft Visual Studio Solution File, Format Version 12.00
# Visual Studio Version 17
VisualStudioVersion = 17.0.32014.148
MinimumVisualStudioVersion = 10.0.40219.1
Project("{2150E333-8FDC-42A3-9474-1A3956D46DE8}") = "Other", "Other", "{E9ECE84B-7EB9-4B4E-BACD-D9FD396CD886}"
	ProjectSection(SolutionItems) = preProject
		FastGH3\WZK64.c = FastGH3\WZK64.c
	EndProjectSection
EndProject
Project("{FAE04EC0-301F-11D3-BF4B-00C04F79EFBC}") = "FastGHWii", "FastGH3\FastGHWii.csproj", "{123C0E48-6F74-4CDC-8F5A-42E516B505EE}"
EndProject
Project("{FAE04EC0-301F-11D3-BF4B-00C04F79EFBC}") = "QueenBeeParser", "E:\QueenBee\QueenBeeParser\QueenBeeParser.csproj", "{EEFF0E58-CD15-4D7B-945C-2C2F0584D43B}"
EndProject
Project("{FAE04EC0-301F-11D3-BF4B-00C04F79EFBC}") = "buildtex", "E:\buildtex\buildtex\buildtex.csproj", "{1D0B1565-9F7B-47A5-AF52-12DB9E60F487}"
EndProject
Global
	GlobalSection(SolutionConfigurationPlatforms) = preSolution
		Debug|Any CPU = Debug|Any CPU
		Debug|x64 = Debug|x64
		Debug|x86 = Debug|x86
		Release|Any CPU = Release|Any CPU
		Release|x64 = Release|x64
		Release|x86 = Release|x86
	EndGlobalSection
	GlobalSection(ProjectConfigurationPlatforms) = postSolution
		{123C0E48-6F74-4CDC-8F5A-42E516B505EE}.Debug|Any CPU.ActiveCfg = Release|Any CPU
		{123C0E48-6F74-4CDC-8F5A-42E516B505EE}.Debug|Any CPU.Build.0 = Release|Any CPU
		{123C0E48-6F74-4CDC-8F5A-42E516B505EE}.Debug|x64.ActiveCfg = Release|Any CPU
		{123C0E48-6F74-4CDC-8F5A-42E516B505EE}.Debug|x64.Build.0 = Release|Any CPU
		{123C0E48-6F74-4CDC-8F5A-42E516B505EE}.Debug|x86.ActiveCfg = Release|Any CPU
		{123C0E48-6F74-4CDC-8F5A-42E516B505EE}.Debug|x86.Build.0 = Release|Any CPU
		{123C0E48-6F74-4CDC-8F5A-42E516B505EE}.Release|Any CPU.ActiveCfg = Release|Any CPU
		{123C0E48-6F74-4CDC-8F5A-42E516B505EE}.Release|Any CPU.Build.0 = Release|Any CPU
		{123C0E48-6F74-4CDC-8F5A-42E516B505EE}.Release|x64.ActiveCfg = Release|Any CPU
		{123C0E48-6F74-4CDC-8F5A-42E516B505EE}.Release|x64.Build.0 = Release|Any CPU
		{123C0E48-6F74-4CDC-8F5A-42E516B505EE}.Release|x86.ActiveCfg = Release|Any CPU
		{123C0E48-6F74-4CDC-8F5A-42E516B505EE}.Release|x86.Build.0 = Release|Any CPU
		{EEFF0E58-CD15-4D7B-945C-2C2F0584D43B}.Debug|Any CPU.ActiveCfg = Debug|Any CPU
		{EEFF0E58-CD15-4D7B-945C-2C2F0584D43B}.Debug|Any CPU.Build.0 = Debug|Any CPU
		{EEFF0E58-CD15-4D7B-945C-2C2F0584D43B}.Debug|x64.ActiveCfg = Debug|Any CPU
		{EEFF0E58-CD15-4D7B-945C-2C2F0584D43B}.Debug|x64.Build.0 = Debug|Any CPU
		{EEFF0E58-CD15-4D7B-945C-2C2F0584D43B}.Debug|x86.ActiveCfg = Debug|Any CPU
		{EEFF0E58-CD15-4D7B-945C-2C2F0584D43B}.Debug|x86.Build.0 = Debug|Any CPU
		{EEFF0E58-CD15-4D7B-945C-2C2F0584D43B}.Release|Any CPU.ActiveCfg = Release|Any CPU
		{EEFF0E58-CD15-4D7B-945C-2C2F0584D43B}.Release|Any CPU.Build.0 = Release|Any CPU
		{EEFF0E58-CD15-4D7B-945C-2C2F0584D43B}.Release|x64.ActiveCfg = Release|Any CPU
		{EEFF0E58-CD15-4D7B-945C-2C2F0584D43B}.Release|x64.Build.0 = Release|Any CPU
		{EEFF0E58-CD15-4D7B-945C-2C2F0584D43B}.Release|x86.ActiveCfg = Release|Any CPU
		{EEFF0E58-CD15-4D7B-945C-2C2F0584D43B}.Release|x86.Build.0 = Release|Any CPU
		{1D0B1565-9F7B-47A5-AF52-12DB9E60F487}.Debug|Any CPU.ActiveCfg = Debug|Any CPU
		{1D0B1565-9F7B-47A5-AF52-12DB9E60F487}.Debug|Any CPU.Build.0 = Debug|Any CPU
		{1D0B1565-9F7B-47A5-AF52-12DB9E60F487}.Debug|x64.ActiveCfg = Debug|Any CPU
		{1D0B1565-9F7B-47A5-AF52-12DB9E60F487}.Debug|x64.Build.0 = Debug|Any CPU
		{1D0B1565-9F7B-47A5-AF52-12DB9E60F487}.Debug|x86.ActiveCfg = Debug|Any CPU
		{1D0B1565-9F7B-47A5-AF52-12DB9E60F487}.Debug|x86.Build.0 = Debug|Any CPU
		{1D0B1565-9F7B-47A5-AF52-12DB9E60F487}.Release|Any CPU.ActiveCfg = Release|Any CPU
		{1D0B1565-9F7B-47A5-AF52-12DB9E60F487}.Release|Any CPU.Build.0 = Release|Any CPU
		{1D0B1565-9F7B-47A5-AF52-12DB9E60F487}.Release|x64.ActiveCfg = Release|Any CPU
		{1D0B1565-9F7B-47A5-AF52-12DB9E60F487}.Release|x64.Build.0 = Release|Any CPU
		{1D0B1565-9F7B-47A5-AF52-12DB9E60F487}.Release|x86.ActiveCfg = Release|Any CPU
		{1D0B1565-9F7B-47A5-AF52-12DB9E60F487}.Release|x86.Build.0 = Release|Any CPU
	EndGlobalSection
	GlobalSection(SolutionProperties) = preSolution
		HideSolutionNode = FALSE
	EndGlobalSection
	GlobalSection(NestedProjects) = preSolution
		{EEFF0E58-CD15-4D7B-945C-2C2F0584D43B} = {E9ECE84B-7EB9-4B4E-BACD-D9FD396CD886}
		{1D0B1565-9F7B-47A5-AF52-12DB9E60F487} = {E9ECE84B-7EB9-4B4E-BACD-D9FD396CD886}
	EndGlobalSection
	GlobalSection(ExtensibilityGlobals) = postSolution
		SolutionGuid = {4F626D18-605C-460B-9D2C-4AE45CE11016}
	EndGlobalSection
EndGlobal
